
Microsoft Visual Studio Solution File, Format Version 12.00
# Visual Studio 14
VisualStudioVersion = 14.0.23107.0
MinimumVisualStudioVersion = 10.0.40219.1
Project("{FAE04EC0-301F-11D3-BF4B-00C04F79EFBC}") = "SimpleBinding", "SimpleBinding\SimpleBinding.csproj", "{683C72C4-73BB-413E-8D1E-BDF824BA4CE7}"
EndProject
Project("{FAE04EC0-301F-11D3-BF4B-00C04F79EFBC}") = "OneWayBinding", "OneWayBinding\OneWayBinding.csproj", "{9891B22A-1C82-4E5A-9CEB-EA97D198C289}"
EndProject
Project("{FAE04EC0-301F-11D3-BF4B-00C04F79EFBC}") = "ControlBinding", "ControlBinding\ControlBinding.csproj", "{234F394C-7C28-4EBB-87EA-B1308425A543}"
EndProject
Project("{FAE04EC0-301F-11D3-BF4B-00C04F79EFBC}") = "EventBinding", "EventBinding\EventBinding.csproj", "{1ABB75C5-D986-438E-A606-5DA83228C2C6}"
EndProject
Project("{FAE04EC0-301F-11D3-BF4B-00C04F79EFBC}") = "TextBoxBinding", "TextBoxBinding\TextBoxBinding.csproj", "{661A4577-3695-4AF3-9CB5-61CA6A410780}"
EndProject
Project("{FAE04EC0-301F-11D3-BF4B-00C04F79EFBC}") = "CollectionBinding", "CollectionBinding\CollectionBinding.csproj", "{A7269898-37A8-4162-8022-7E0763B5A05C}"
EndProject
Global
	GlobalSection(SolutionConfigurationPlatforms) = preSolution
		Debug|ARM = Debug|ARM
		Debug|x64 = Debug|x64
		Debug|x86 = Debug|x86
		Release|ARM = Release|ARM
		Release|x64 = Release|x64
		Release|x86 = Release|x86
	EndGlobalSection
	GlobalSection(ProjectConfigurationPlatforms) = postSolution
		{683C72C4-73BB-413E-8D1E-BDF824BA4CE7}.Debug|ARM.ActiveCfg = Debug|ARM
		{683C72C4-73BB-413E-8D1E-BDF824BA4CE7}.Debug|ARM.Build.0 = Debug|ARM
		{683C72C4-73BB-413E-8D1E-BDF824BA4CE7}.Debug|ARM.Deploy.0 = Debug|ARM
		{683C72C4-73BB-413E-8D1E-BDF824BA4CE7}.Debug|x64.ActiveCfg = Debug|x64
		{683C72C4-73BB-413E-8D1E-BDF824BA4CE7}.Debug|x64.Build.0 = Debug|x64
		{683C72C4-73BB-413E-8D1E-BDF824BA4CE7}.Debug|x64.Deploy.0 = Debug|x64
		{683C72C4-73BB-413E-8D1E-BDF824BA4CE7}.Debug|x86.ActiveCfg = Debug|x86
		{683C72C4-73BB-413E-8D1E-BDF824BA4CE7}.Debug|x86.Build.0 = Debug|x86
		{683C72C4-73BB-413E-8D1E-BDF824BA4CE7}.Debug|x86.Deploy.0 = Debug|x86
		{683C72C4-73BB-413E-8D1E-BDF824BA4CE7}.Release|ARM.ActiveCfg = Release|ARM
		{683C72C4-73BB-413E-8D1E-BDF824BA4CE7}.Release|ARM.Build.0 = Release|ARM
		{683C72C4-73BB-413E-8D1E-BDF824BA4CE7}.Release|ARM.Deploy.0 = Release|ARM
		{683C72C4-73BB-413E-8D1E-BDF824BA4CE7}.Release|x64.ActiveCfg = Release|x64
		{683C72C4-73BB-413E-8D1E-BDF824BA4CE7}.Release|x64.Build.0 = Release|x64
		{683C72C4-73BB-413E-8D1E-BDF824BA4CE7}.Release|x64.Deploy.0 = Release|x64
		{683C72C4-73BB-413E-8D1E-BDF824BA4CE7}.Release|x86.ActiveCfg = Release|x86
		{683C72C4-73BB-413E-8D1E-BDF824BA4CE7}.Release|x86.Build.0 = Release|x86
		{683C72C4-73BB-413E-8D1E-BDF824BA4CE7}.Release|x86.Deploy.0 = Release|x86
		{9891B22A-1C82-4E5A-9CEB-EA97D198C289}.Debug|ARM.ActiveCfg = Debug|ARM
		{9891B22A-1C82-4E5A-9CEB-EA97D198C289}.Debug|ARM.Build.0 = Debug|ARM
		{9891B22A-1C82-4E5A-9CEB-EA97D198C289}.Debug|ARM.Deploy.0 = Debug|ARM
		{9891B22A-1C82-4E5A-9CEB-EA97D198C289}.Debug|x64.ActiveCfg = Debug|x64
		{9891B22A-1C82-4E5A-9CEB-EA97D198C289}.Debug|x64.Build.0 = Debug|x64
		{9891B22A-1C82-4E5A-9CEB-EA97D198C289}.Debug|x64.Deploy.0 = Debug|x64
		{9891B22A-1C82-4E5A-9CEB-EA97D198C289}.Debug|x86.ActiveCfg = Debug|x86
		{9891B22A-1C82-4E5A-9CEB-EA97D198C289}.Debug|x86.Build.0 = Debug|x86
		{9891B22A-1C82-4E5A-9CEB-EA97D198C289}.Debug|x86.Deploy.0 = Debug|x86
		{9891B22A-1C82-4E5A-9CEB-EA97D198C289}.Release|ARM.ActiveCfg = Release|ARM
		{9891B22A-1C82-4E5A-9CEB-EA97D198C289}.Release|ARM.Build.0 = Release|ARM
		{9891B22A-1C82-4E5A-9CEB-EA97D198C289}.Release|ARM.Deploy.0 = Release|ARM
		{9891B22A-1C82-4E5A-9CEB-EA97D198C289}.Release|x64.ActiveCfg = Release|x64
		{9891B22A-1C82-4E5A-9CEB-EA97D198C289}.Release|x64.Build.0 = Release|x64
		{9891B22A-1C82-4E5A-9CEB-EA97D198C289}.Release|x64.Deploy.0 = Release|x64
		{9891B22A-1C82-4E5A-9CEB-EA97D198C289}.Release|x86.ActiveCfg = Release|x86
		{9891B22A-1C82-4E5A-9CEB-EA97D198C289}.Release|x86.Build.0 = Release|x86
		{9891B22A-1C82-4E5A-9CEB-EA97D198C289}.Release|x86.Deploy.0 = Release|x86
		{234F394C-7C28-4EBB-87EA-B1308425A543}.Debug|ARM.ActiveCfg = Debug|ARM
		{234F394C-7C28-4EBB-87EA-B1308425A543}.Debug|ARM.Build.0 = Debug|ARM
		{234F394C-7C28-4EBB-87EA-B1308425A543}.Debug|ARM.Deploy.0 = Debug|ARM
		{234F394C-7C28-4EBB-87EA-B1308425A543}.Debug|x64.ActiveCfg = Debug|x64
		{234F394C-7C28-4EBB-87EA-B1308425A543}.Debug|x64.Build.0 = Debug|x64
		{234F394C-7C28-4EBB-87EA-B1308425A543}.Debug|x64.Deploy.0 = Debug|x64
		{234F394C-7C28-4EBB-87EA-B1308425A543}.Debug|x86.ActiveCfg = Debug|x86
		{234F394C-7C28-4EBB-87EA-B1308425A543}.Debug|x86.Build.0 = Debug|x86
		{234F394C-7C28-4EBB-87EA-B1308425A543}.Debug|x86.Deploy.0 = Debug|x86
		{234F394C-7C28-4EBB-87EA-B1308425A543}.Release|ARM.ActiveCfg = Release|ARM
		{234F394C-7C28-4EBB-87EA-B1308425A543}.Release|ARM.Build.0 = Release|ARM
		{234F394C-7C28-4EBB-87EA-B1308425A543}.Release|ARM.Deploy.0 = Release|ARM
		{234F394C-7C28-4EBB-87EA-B1308425A543}.Release|x64.ActiveCfg = Release|x64
		{234F394C-7C28-4EBB-87EA-B1308425A543}.Release|x64.Build.0 = Release|x64
		{234F394C-7C28-4EBB-87EA-B1308425A543}.Release|x64.Deploy.0 = Release|x64
		{234F394C-7C28-4EBB-87EA-B1308425A543}.Release|x86.ActiveCfg = Release|x86
		{234F394C-7C28-4EBB-87EA-B1308425A543}.Release|x86.Build.0 = Release|x86
		{234F394C-7C28-4EBB-87EA-B1308425A543}.Release|x86.Deploy.0 = Release|x86
		{1ABB75C5-D986-438E-A606-5DA83228C2C6}.Debug|ARM.ActiveCfg = Debug|ARM
		{1ABB75C5-D986-438E-A606-5DA83228C2C6}.Debug|ARM.Build.0 = Debug|ARM
		{1ABB75C5-D986-438E-A606-5DA83228C2C6}.Debug|ARM.Deploy.0 = Debug|ARM
		{1ABB75C5-D986-438E-A606-5DA83228C2C6}.Debug|x64.ActiveCfg = Debug|x64
		{1ABB75C5-D986-438E-A606-5DA83228C2C6}.Debug|x64.Build.0 = Debug|x64
		{1ABB75C5-D986-438E-A606-5DA83228C2C6}.Debug|x64.Deploy.0 = Debug|x64
		{1ABB75C5-D986-438E-A606-5DA83228C2C6}.Debug|x86.ActiveCfg = Debug|x86
		{1ABB75C5-D986-438E-A606-5DA83228C2C6}.Debug|x86.Build.0 = Debug|x86
		{1ABB75C5-D986-438E-A606-5DA83228C2C6}.Debug|x86.Deploy.0 = Debug|x86
		{1ABB75C5-D986-438E-A606-5DA83228C2C6}.Release|ARM.ActiveCfg = Release|ARM
		{1ABB75C5-D986-438E-A606-5DA83228C2C6}.Release|ARM.Build.0 = Release|ARM
		{1ABB75C5-D986-438E-A606-5DA83228C2C6}.Release|ARM.Deploy.0 = Release|ARM
		{1ABB75C5-D986-438E-A606-5DA83228C2C6}.Release|x64.ActiveCfg = Release|x64
		{1ABB75C5-D986-438E-A606-5DA83228C2C6}.Release|x64.Build.0 = Release|x64
		{1ABB75C5-D986-438E-A606-5DA83228C2C6}.Release|x64.Deploy.0 = Release|x64
		{1ABB75C5-D986-438E-A606-5DA83228C2C6}.Release|x86.ActiveCfg = Release|x86
		{1ABB75C5-D986-438E-A606-5DA83228C2C6}.Release|x86.Build.0 = Release|x86
		{1ABB75C5-D986-438E-A606-5DA83228C2C6}.Release|x86.Deploy.0 = Release|x86
		{661A4577-3695-4AF3-9CB5-61CA6A410780}.Debug|ARM.ActiveCfg = Debug|ARM
		{661A4577-3695-4AF3-9CB5-61CA6A410780}.Debug|ARM.Build.0 = Debug|ARM
		{661A4577-3695-4AF3-9CB5-61CA6A410780}.Debug|ARM.Deploy.0 = Debug|ARM
		{661A4577-3695-4AF3-9CB5-61CA6A410780}.Debug|x64.ActiveCfg = Debug|x64
		{661A4577-3695-4AF3-9CB5-61CA6A410780}.Debug|x64.Build.0 = Debug|x64
		{661A4577-3695-4AF3-9CB5-61CA6A410780}.Debug|x64.Deploy.0 = Debug|x64
		{661A4577-3695-4AF3-9CB5-61CA6A410780}.Debug|x86.ActiveCfg = Debug|x86
		{661A4577-3695-4AF3-9CB5-61CA6A410780}.Debug|x86.Build.0 = Debug|x86
		{661A4577-3695-4AF3-9CB5-61CA6A410780}.Debug|x86.Deploy.0 = Debug|x86
		{661A4577-3695-4AF3-9CB5-61CA6A410780}.Release|ARM.ActiveCfg = Release|ARM
		{661A4577-3695-4AF3-9CB5-61CA6A410780}.Release|ARM.Build.0 = Release|ARM
		{661A4577-3695-4AF3-9CB5-61CA6A410780}.Release|ARM.Deploy.0 = Release|ARM
		{661A4577-3695-4AF3-9CB5-61CA6A410780}.Release|x64.ActiveCfg = Release|x64
		{661A4577-3695-4AF3-9CB5-61CA6A410780}.Release|x64.Build.0 = Release|x64
		{661A4577-3695-4AF3-9CB5-61CA6A410780}.Release|x64.Deploy.0 = Release|x64
		{661A4577-3695-4AF3-9CB5-61CA6A410780}.Release|x86.ActiveCfg = Release|x86
		{661A4577-3695-4AF3-9CB5-61CA6A410780}.Release|x86.Build.0 = Release|x86
		{661A4577-3695-4AF3-9CB5-61CA6A410780}.Release|x86.Deploy.0 = Release|x86
		{A7269898-37A8-4162-8022-7E0763B5A05C}.Debug|ARM.ActiveCfg = Debug|ARM
		{A7269898-37A8-4162-8022-7E0763B5A05C}.Debug|ARM.Build.0 = Debug|ARM
		{A7269898-37A8-4162-8022-7E0763B5A05C}.Debug|ARM.Deploy.0 = Debug|ARM
		{A7269898-37A8-4162-8022-7E0763B5A05C}.Debug|x64.ActiveCfg = Debug|x64
		{A7269898-37A8-4162-8022-7E0763B5A05C}.Debug|x64.Build.0 = Debug|x64
		{A7269898-37A8-4162-8022-7E0763B5A05C}.Debug|x64.Deploy.0 = Debug|x64
		{A7269898-37A8-4162-8022-7E0763B5A05C}.Debug|x86.ActiveCfg = Debug|x86
		{A7269898-37A8-4162-8022-7E0763B5A05C}.Debug|x86.Build.0 = Debug|x86
		{A7269898-37A8-4162-8022-7E0763B5A05C}.Debug|x86.Deploy.0 = Debug|x86
		{A7269898-37A8-4162-8022-7E0763B5A05C}.Release|ARM.ActiveCfg = Release|ARM
		{A7269898-37A8-4162-8022-7E0763B5A05C}.Release|ARM.Build.0 = Release|ARM
		{A7269898-37A8-4162-8022-7E0763B5A05C}.Release|ARM.Deploy.0 = Release|ARM
		{A7269898-37A8-4162-8022-7E0763B5A05C}.Release|x64.ActiveCfg = Release|x64
		{A7269898-37A8-4162-8022-7E0763B5A05C}.Release|x64.Build.0 = Release|x64
		{A7269898-37A8-4162-8022-7E0763B5A05C}.Release|x64.Deploy.0 = Release|x64
		{A7269898-37A8-4162-8022-7E0763B5A05C}.Release|x86.ActiveCfg = Release|x86
		{A7269898-37A8-4162-8022-7E0763B5A05C}.Release|x86.Build.0 = Release|x86
		{A7269898-37A8-4162-8022-7E0763B5A05C}.Release|x86.Deploy.0 = Release|x86
	EndGlobalSection
	GlobalSection(SolutionProperties) = preSolution
		HideSolutionNode = FALSE
	EndGlobalSection
EndGlobal
